
Microsoft Visual Studio Solution File, Format Version 12.00
# Visual Studio 15
VisualStudioVersion = 15.0.27428.2011
MinimumVisualStudioVersion = 10.0.40219.1
Project("{8BC9CEB8-8B4A-11D0-8D11-00A0C91BC942}") = "CLCL", "CLCL.vcxproj", "{B6A3EDFB-42B0-4603-B097-20ACF48EF0A0}"
EndProject
Project("{2150E333-8FDC-42A3-9474-1A3956D46DE8}") = "samples", "samples", "{C214EBB2-232C-43AD-82E3-FBA496246A8F}"
EndProject
Project("{8BC9CEB8-8B4A-11D0-8D11-00A0C91BC942}") = "triangle", "samples\triangle\triangle.vcxproj", "{52FBF82E-AF5A-4D37-B086-1E93481E3590}"
EndProject
Project("{8BC9CEB8-8B4A-11D0-8D11-00A0C91BC942}") = "snowfall", "samples\snowfall\snowfall.vcxproj", "{ACE29405-04B0-4D4A-A742-D18B6CB3DAE7}"
EndProject
Project("{8BC9CEB8-8B4A-11D0-8D11-00A0C91BC942}") = "solar_system", "samples\solar_system\solar_system.vcxproj", "{D988F422-589C-422D-AA01-792951EC5CCD}"
EndProject
Project("{8BC9CEB8-8B4A-11D0-8D11-00A0C91BC942}") = "sword", "samples\sword\sword.vcxproj", "{D8B1394C-87F0-430E-B009-ADAAE4847C55}"
EndProject
Project("{8BC9CEB8-8B4A-11D0-8D11-00A0C91BC942}") = "sword2", "samples\sword2\sword2.vcxproj", "{929EB2E1-6A6D-4236-9F03-90FD57E5B180}"
EndProject
Project("{8BC9CEB8-8B4A-11D0-8D11-00A0C91BC942}") = "snowfall_nav", "samples\snowfall_nav\snowfall_nav.vcxproj", "{419113DA-747A-4EDE-A193-95AB52D6D339}"
EndProject
Global
	GlobalSection(SolutionConfigurationPlatforms) = preSolution
		Debug|x64 = Debug|x64
		Debug|x86 = Debug|x86
		Release|x64 = Release|x64
		Release|x86 = Release|x86
	EndGlobalSection
	GlobalSection(ProjectConfigurationPlatforms) = postSolution
		{B6A3EDFB-42B0-4603-B097-20ACF48EF0A0}.Debug|x64.ActiveCfg = Debug|x64
		{B6A3EDFB-42B0-4603-B097-20ACF48EF0A0}.Debug|x64.Build.0 = Debug|x64
		{B6A3EDFB-42B0-4603-B097-20ACF48EF0A0}.Debug|x86.ActiveCfg = Debug|Win32
		{B6A3EDFB-42B0-4603-B097-20ACF48EF0A0}.Debug|x86.Build.0 = Debug|Win32
		{B6A3EDFB-42B0-4603-B097-20ACF48EF0A0}.Release|x64.ActiveCfg = Release|x64
		{B6A3EDFB-42B0-4603-B097-20ACF48EF0A0}.Release|x64.Build.0 = Release|x64
		{B6A3EDFB-42B0-4603-B097-20ACF48EF0A0}.Release|x86.ActiveCfg = Release|Win32
		{B6A3EDFB-42B0-4603-B097-20ACF48EF0A0}.Release|x86.Build.0 = Release|Win32
		{52FBF82E-AF5A-4D37-B086-1E93481E3590}.Debug|x64.ActiveCfg = Debug|x64
		{52FBF82E-AF5A-4D37-B086-1E93481E3590}.Debug|x64.Build.0 = Debug|x64
		{52FBF82E-AF5A-4D37-B086-1E93481E3590}.Debug|x86.ActiveCfg = Debug|Win32
		{52FBF82E-AF5A-4D37-B086-1E93481E3590}.Debug|x86.Build.0 = Debug|Win32
		{52FBF82E-AF5A-4D37-B086-1E93481E3590}.Release|x64.ActiveCfg = Release|x64
		{52FBF82E-AF5A-4D37-B086-1E93481E3590}.Release|x64.Build.0 = Release|x64
		{52FBF82E-AF5A-4D37-B086-1E93481E3590}.Release|x86.ActiveCfg = Release|Win32
		{52FBF82E-AF5A-4D37-B086-1E93481E3590}.Release|x86.Build.0 = Release|Win32
		{ACE29405-04B0-4D4A-A742-D18B6CB3DAE7}.Debug|x64.ActiveCfg = Debug|x64
		{ACE29405-04B0-4D4A-A742-D18B6CB3DAE7}.Debug|x64.Build.0 = Debug|x64
		{ACE29405-04B0-4D4A-A742-D18B6CB3DAE7}.Debug|x86.ActiveCfg = Debug|Win32
		{ACE29405-04B0-4D4A-A742-D18B6CB3DAE7}.Debug|x86.Build.0 = Debug|Win32
		{ACE29405-04B0-4D4A-A742-D18B6CB3DAE7}.Release|x64.ActiveCfg = Release|x64
		{ACE29405-04B0-4D4A-A742-D18B6CB3DAE7}.Release|x64.Build.0 = Release|x64
		{ACE29405-04B0-4D4A-A742-D18B6CB3DAE7}.Release|x86.ActiveCfg = Release|Win32
		{ACE29405-04B0-4D4A-A742-D18B6CB3DAE7}.Release|x86.Build.0 = Release|Win32
		{D988F422-589C-422D-AA01-792951EC5CCD}.Debug|x64.ActiveCfg = Debug|x64
		{D988F422-589C-422D-AA01-792951EC5CCD}.Debug|x64.Build.0 = Debug|x64
		{D988F422-589C-422D-AA01-792951EC5CCD}.Debug|x86.ActiveCfg = Debug|Win32
		{D988F422-589C-422D-AA01-792951EC5CCD}.Debug|x86.Build.0 = Debug|Win32
		{D988F422-589C-422D-AA01-792951EC5CCD}.Release|x64.ActiveCfg = Release|x64
		{D988F422-589C-422D-AA01-792951EC5CCD}.Release|x64.Build.0 = Release|x64
		{D988F422-589C-422D-AA01-792951EC5CCD}.Release|x86.ActiveCfg = Release|Win32
		{D988F422-589C-422D-AA01-792951EC5CCD}.Release|x86.Build.0 = Release|Win32
		{D8B1394C-87F0-430E-B009-ADAAE4847C55}.Debug|x64.ActiveCfg = Debug|x64
		{D8B1394C-87F0-430E-B009-ADAAE4847C55}.Debug|x64.Build.0 = Debug|x64
		{D8B1394C-87F0-430E-B009-ADAAE4847C55}.Debug|x86.ActiveCfg = Debug|Win32
		{D8B1394C-87F0-430E-B009-ADAAE4847C55}.Debug|x86.Build.0 = Debug|Win32
		{D8B1394C-87F0-430E-B009-ADAAE4847C55}.Release|x64.ActiveCfg = Release|x64
		{D8B1394C-87F0-430E-B009-ADAAE4847C55}.Release|x64.Build.0 = Release|x64
		{D8B1394C-87F0-430E-B009-ADAAE4847C55}.Release|x86.ActiveCfg = Release|Win32
		{D8B1394C-87F0-430E-B009-ADAAE4847C55}.Release|x86.Build.0 = Release|Win32
		{929EB2E1-6A6D-4236-9F03-90FD57E5B180}.Debug|x64.ActiveCfg = Debug|x64
		{929EB2E1-6A6D-4236-9F03-90FD57E5B180}.Debug|x64.Build.0 = Debug|x64
		{929EB2E1-6A6D-4236-9F03-90FD57E5B180}.Debug|x86.ActiveCfg = Debug|Win32
		{929EB2E1-6A6D-4236-9F03-90FD57E5B180}.Debug|x86.Build.0 = Debug|Win32
		{929EB2E1-6A6D-4236-9F03-90FD57E5B180}.Release|x64.ActiveCfg = Release|x64
		{929EB2E1-6A6D-4236-9F03-90FD57E5B180}.Release|x64.Build.0 = Release|x64
		{929EB2E1-6A6D-4236-9F03-90FD57E5B180}.Release|x86.ActiveCfg = Release|Win32
		{929EB2E1-6A6D-4236-9F03-90FD57E5B180}.Release|x86.Build.0 = Release|Win32
		{419113DA-747A-4EDE-A193-95AB52D6D339}.Debug|x64.ActiveCfg = Debug|x64
		{419113DA-747A-4EDE-A193-95AB52D6D339}.Debug|x64.Build.0 = Debug|x64
		{419113DA-747A-4EDE-A193-95AB52D6D339}.Debug|x86.ActiveCfg = Debug|Win32
		{419113DA-747A-4EDE-A193-95AB52D6D339}.Debug|x86.Build.0 = Debug|Win32
		{419113DA-747A-4EDE-A193-95AB52D6D339}.Release|x64.ActiveCfg = Release|x64
		{419113DA-747A-4EDE-A193-95AB52D6D339}.Release|x64.Build.0 = Release|x64
		{419113DA-747A-4EDE-A193-95AB52D6D339}.Release|x86.ActiveCfg = Release|Win32
		{419113DA-747A-4EDE-A193-95AB52D6D339}.Release|x86.Build.0 = Release|Win32
	EndGlobalSection
	GlobalSection(SolutionProperties) = preSolution
		HideSolutionNode = FALSE
	EndGlobalSection
	GlobalSection(NestedProjects) = preSolution
		{52FBF82E-AF5A-4D37-B086-1E93481E3590} = {C214EBB2-232C-43AD-82E3-FBA496246A8F}
		{ACE29405-04B0-4D4A-A742-D18B6CB3DAE7} = {C214EBB2-232C-43AD-82E3-FBA496246A8F}
		{D988F422-589C-422D-AA01-792951EC5CCD} = {C214EBB2-232C-43AD-82E3-FBA496246A8F}
		{D8B1394C-87F0-430E-B009-ADAAE4847C55} = {C214EBB2-232C-43AD-82E3-FBA496246A8F}
		{929EB2E1-6A6D-4236-9F03-90FD57E5B180} = {C214EBB2-232C-43AD-82E3-FBA496246A8F}
		{419113DA-747A-4EDE-A193-95AB52D6D339} = {C214EBB2-232C-43AD-82E3-FBA496246A8F}
	EndGlobalSection
	GlobalSection(ExtensibilityGlobals) = postSolution
		SolutionGuid = {A4162FCD-F1A1-4309-BEDF-7475328FC464}
	EndGlobalSection
EndGlobal
